
Microsoft Visual Studio Solution File, Format Version 12.00
# Visual Studio Version 17
VisualStudioVersion = 17.5.33414.496
MinimumVisualStudioVersion = 10.0.40219.1
Project("{FAE04EC0-301F-11D3-BF4B-00C04F79EFBC}") = "abstract", "abstract.csproj", "{D772ED68-34B1-4BE1-97FF-EBC142059AC6}"
EndProject
Global
	GlobalSection(SolutionConfigurationPlatforms) = preSolution
		Debug|Any CPU = Debug|Any CPU
		Release|Any CPU = Release|Any CPU
	EndGlobalSection
	GlobalSection(ProjectConfigurationPlatforms) = postSolution
		{D772ED68-34B1-4BE1-97FF-EBC142059AC6}.Debug|Any CPU.ActiveCfg = Debug|Any CPU
		{D772ED68-34B1-4BE1-97FF-EBC142059AC6}.Debug|Any CPU.Build.0 = Debug|Any CPU
		{D772ED68-34B1-4BE1-97FF-EBC142059AC6}.Release|Any CPU.ActiveCfg = Release|Any CPU
		{D772ED68-34B1-4BE1-97FF-EBC142059AC6}.Release|Any CPU.Build.0 = Release|Any CPU
	EndGlobalSection
	GlobalSection(SolutionProperties) = preSolution
		HideSolutionNode = FALSE
	EndGlobalSection
	GlobalSection(ExtensibilityGlobals) = postSolution
		SolutionGuid = {D1399889-3920-46BE-9E49-3CACAFE78BBE}
	EndGlobalSection
EndGlobal
